
Microsoft Visual Studio Solution File, Format Version 12.00
# Visual Studio 2013
VisualStudioVersion = 12.0.31101.0
MinimumVisualStudioVersion = 10.0.40219.1
Project("{FAE04EC0-301F-11D3-BF4B-00C04F79EFBC}") = "ADC.App.Heroes", "ADC.App.Heroes\ADC.App.Heroes.csproj", "{78EB810A-17A6-4B05-8431-4EB7B202A36C}"
EndProject
Project("{FAE04EC0-301F-11D3-BF4B-00C04F79EFBC}") = "ADC.App.Contacts", "ADC.App.Contacts\ADC.App.Contacts.csproj", "{654A96AD-084D-4EF0-A8D4-1C191E99BAB2}"
EndProject
Global
	GlobalSection(SolutionConfigurationPlatforms) = preSolution
		Debug|Any CPU = Debug|Any CPU
		Release|Any CPU = Release|Any CPU
	EndGlobalSection
	GlobalSection(ProjectConfigurationPlatforms) = postSolution
		{78EB810A-17A6-4B05-8431-4EB7B202A36C}.Debug|Any CPU.ActiveCfg = Debug|Any CPU
		{78EB810A-17A6-4B05-8431-4EB7B202A36C}.Debug|Any CPU.Build.0 = Debug|Any CPU
		{78EB810A-17A6-4B05-8431-4EB7B202A36C}.Debug|Any CPU.Deploy.0 = Debug|Any CPU
		{78EB810A-17A6-4B05-8431-4EB7B202A36C}.Release|Any CPU.ActiveCfg = Release|Any CPU
		{78EB810A-17A6-4B05-8431-4EB7B202A36C}.Release|Any CPU.Build.0 = Release|Any CPU
		{78EB810A-17A6-4B05-8431-4EB7B202A36C}.Release|Any CPU.Deploy.0 = Release|Any CPU
		{654A96AD-084D-4EF0-A8D4-1C191E99BAB2}.Debug|Any CPU.ActiveCfg = Debug|Any CPU
		{654A96AD-084D-4EF0-A8D4-1C191E99BAB2}.Debug|Any CPU.Build.0 = Debug|Any CPU
		{654A96AD-084D-4EF0-A8D4-1C191E99BAB2}.Debug|Any CPU.Deploy.0 = Debug|Any CPU
		{654A96AD-084D-4EF0-A8D4-1C191E99BAB2}.Release|Any CPU.ActiveCfg = Release|Any CPU
		{654A96AD-084D-4EF0-A8D4-1C191E99BAB2}.Release|Any CPU.Build.0 = Release|Any CPU
		{654A96AD-084D-4EF0-A8D4-1C191E99BAB2}.Release|Any CPU.Deploy.0 = Release|Any CPU
	EndGlobalSection
	GlobalSection(SolutionProperties) = preSolution
		HideSolutionNode = FALSE
	EndGlobalSection
EndGlobal
